
Microsoft Visual Studio Solution File, Format Version 12.00
# Visual Studio Version 16
VisualStudioVersion = 16.0.31005.135
MinimumVisualStudioVersion = 10.0.40219.1
Project("{FAE04EC0-301F-11D3-BF4B-00C04F79EFBC}") = "ejemploGIT", "ejemploGIT\ejemploGIT.csproj", "{669C9F8D-BE45-4D03-BB42-98A0F744388F}"
EndProject
Global
	GlobalSection(SolutionConfigurationPlatforms) = preSolution
		Debug|Any CPU = Debug|Any CPU
		Release|Any CPU = Release|Any CPU
	EndGlobalSection
	GlobalSection(ProjectConfigurationPlatforms) = postSolution
		{669C9F8D-BE45-4D03-BB42-98A0F744388F}.Debug|Any CPU.ActiveCfg = Debug|Any CPU
		{669C9F8D-BE45-4D03-BB42-98A0F744388F}.Debug|Any CPU.Build.0 = Debug|Any CPU
		{669C9F8D-BE45-4D03-BB42-98A0F744388F}.Release|Any CPU.ActiveCfg = Release|Any CPU
		{669C9F8D-BE45-4D03-BB42-98A0F744388F}.Release|Any CPU.Build.0 = Release|Any CPU
	EndGlobalSection
	GlobalSection(SolutionProperties) = preSolution
		HideSolutionNode = FALSE
	EndGlobalSection
	GlobalSection(ExtensibilityGlobals) = postSolution
		SolutionGuid = {F85647F4-978E-4B93-9B80-D914D762FB97}
	EndGlobalSection
EndGlobal
